
Microsoft Visual Studio Solution File, Format Version 12.00
# Visual Studio 2013
VisualStudioVersion = 12.0.40629.0
MinimumVisualStudioVersion = 10.0.40219.1
Project("{9A19103F-16F7-4668-BE54-9A1E7A4F7556}") = "HullAndWhiteOneFactor", "HullAndWhiteOneFactor\HullAndWhiteOneFactor.csproj", "{0355501D-5C61-4EDF-B640-B83A1E741085}"
EndProject
Project("{FAE04EC0-301F-11D3-BF4B-00C04F79EFBC}") = "Pelsser", "Pelsser\Pelsser.csproj", "{635FA926-8F6C-4B69-9C1C-527115B5E608}"
EndProject
Project("{FAE04EC0-301F-11D3-BF4B-00C04F79EFBC}") = "InterestRatesModels.Tests", "InterestRatesModels.Tests\InterestRatesModels.Tests.csproj", "{1B62EF42-4A90-41DB-B83D-2744AB41FCDA}"
EndProject
Project("{FAE04EC0-301F-11D3-BF4B-00C04F79EFBC}") = "HullAndWhiteTwoFactors", "HullAndWhiteTwoFactors\HullAndWhiteTwoFactors.csproj", "{39A9B629-0AFD-44F3-9AEA-7BCA21106D2C}"
EndProject
Project("{9A19103F-16F7-4668-BE54-9A1E7A4F7556}") = "CIR", "CIR\CIR.csproj", "{01681786-2D92-410E-B121-6616D0C9F6E5}"
EndProject
Global
	GlobalSection(SolutionConfigurationPlatforms) = preSolution
		Debug|Any CPU = Debug|Any CPU
		Release|Any CPU = Release|Any CPU
	EndGlobalSection
	GlobalSection(ProjectConfigurationPlatforms) = postSolution
		{0355501D-5C61-4EDF-B640-B83A1E741085}.Debug|Any CPU.ActiveCfg = Debug|Any CPU
		{0355501D-5C61-4EDF-B640-B83A1E741085}.Debug|Any CPU.Build.0 = Debug|Any CPU
		{0355501D-5C61-4EDF-B640-B83A1E741085}.Release|Any CPU.ActiveCfg = Release|Any CPU
		{0355501D-5C61-4EDF-B640-B83A1E741085}.Release|Any CPU.Build.0 = Release|Any CPU
		{635FA926-8F6C-4B69-9C1C-527115B5E608}.Debug|Any CPU.ActiveCfg = Debug|Any CPU
		{635FA926-8F6C-4B69-9C1C-527115B5E608}.Debug|Any CPU.Build.0 = Debug|Any CPU
		{635FA926-8F6C-4B69-9C1C-527115B5E608}.Release|Any CPU.ActiveCfg = Release|Any CPU
		{635FA926-8F6C-4B69-9C1C-527115B5E608}.Release|Any CPU.Build.0 = Release|Any CPU
		{1B62EF42-4A90-41DB-B83D-2744AB41FCDA}.Debug|Any CPU.ActiveCfg = Debug|Any CPU
		{1B62EF42-4A90-41DB-B83D-2744AB41FCDA}.Debug|Any CPU.Build.0 = Debug|Any CPU
		{1B62EF42-4A90-41DB-B83D-2744AB41FCDA}.Release|Any CPU.ActiveCfg = Release|Any CPU
		{1B62EF42-4A90-41DB-B83D-2744AB41FCDA}.Release|Any CPU.Build.0 = Release|Any CPU
		{39A9B629-0AFD-44F3-9AEA-7BCA21106D2C}.Debug|Any CPU.ActiveCfg = Debug|Any CPU
		{39A9B629-0AFD-44F3-9AEA-7BCA21106D2C}.Debug|Any CPU.Build.0 = Debug|Any CPU
		{39A9B629-0AFD-44F3-9AEA-7BCA21106D2C}.Release|Any CPU.ActiveCfg = Release|Any CPU
		{39A9B629-0AFD-44F3-9AEA-7BCA21106D2C}.Release|Any CPU.Build.0 = Release|Any CPU
		{01681786-2D92-410E-B121-6616D0C9F6E5}.Debug|Any CPU.ActiveCfg = Debug|Any CPU
		{01681786-2D92-410E-B121-6616D0C9F6E5}.Debug|Any CPU.Build.0 = Debug|Any CPU
		{01681786-2D92-410E-B121-6616D0C9F6E5}.Release|Any CPU.ActiveCfg = Release|Any CPU
		{01681786-2D92-410E-B121-6616D0C9F6E5}.Release|Any CPU.Build.0 = Release|Any CPU
	EndGlobalSection
	GlobalSection(SolutionProperties) = preSolution
		HideSolutionNode = FALSE
	EndGlobalSection
	GlobalSection(MonoDevelopProperties) = preSolution
		StartupItem = HullAndWhiteOneFactor\HullAndWhiteOneFactor.csproj
	EndGlobalSection
EndGlobal
